
Microsoft Visual Studio Solution File, Format Version 12.00
# Visual Studio Version 17
VisualStudioVersion = 17.5.33502.453
MinimumVisualStudioVersion = 10.0.40219.1
Project("{9A19103F-16F7-4668-BE54-9A1E7A4F7556}") = "ReuseProject", "ReuseProject\ReuseProject.csproj", "{07E52BF0-0D91-46DF-9C30-FADA80DAF4EA}"
EndProject
Project("{9A19103F-16F7-4668-BE54-9A1E7A4F7556}") = "Reuse.Bll", "Reuse.Bll\Reuse.Bll.csproj", "{F3EF1171-508C-4963-8F0B-90AC3A7048C3}"
EndProject
Project("{9A19103F-16F7-4668-BE54-9A1E7A4F7556}") = "Reuse.DAL", "Reuse.DAL\Reuse.DAL.csproj", "{046B867B-A29F-4B22-9AF6-9840E0793CB1}"
EndProject
Project("{2150E333-8FDC-42A3-9474-1A3956D46DE8}") = "TEST", "TEST", "{B4D2F215-83F8-4647-971F-8763FDFFB696}"
EndProject
Project("{FAE04EC0-301F-11D3-BF4B-00C04F79EFBC}") = "Reuse.Bll.Test", "TEST\Reuse.Bll.Test\Reuse.Bll.Test.csproj", "{6346B3E0-37C6-4B51-908B-E99CB4D82B68}"
EndProject
Project("{FAE04EC0-301F-11D3-BF4B-00C04F79EFBC}") = "Reuse.DAL.Test", "TEST\Reuse.DAL.Test\Reuse.DAL.Test.csproj", "{8281493F-D7BC-4157-8F51-D7534BB3715A}"
EndProject
Project("{FAE04EC0-301F-11D3-BF4B-00C04F79EFBC}") = "ReuseProject.Test", "TEST\ReuseProject.Test\ReuseProject.Test.csproj", "{4DDACF8D-9F29-4633-A0E9-5A99F3EEA121}"
EndProject
Global
	GlobalSection(SolutionConfigurationPlatforms) = preSolution
		Debug|Any CPU = Debug|Any CPU
		Release|Any CPU = Release|Any CPU
	EndGlobalSection
	GlobalSection(ProjectConfigurationPlatforms) = postSolution
		{07E52BF0-0D91-46DF-9C30-FADA80DAF4EA}.Debug|Any CPU.ActiveCfg = Debug|Any CPU
		{07E52BF0-0D91-46DF-9C30-FADA80DAF4EA}.Debug|Any CPU.Build.0 = Debug|Any CPU
		{07E52BF0-0D91-46DF-9C30-FADA80DAF4EA}.Release|Any CPU.ActiveCfg = Release|Any CPU
		{07E52BF0-0D91-46DF-9C30-FADA80DAF4EA}.Release|Any CPU.Build.0 = Release|Any CPU
		{F3EF1171-508C-4963-8F0B-90AC3A7048C3}.Debug|Any CPU.ActiveCfg = Debug|Any CPU
		{F3EF1171-508C-4963-8F0B-90AC3A7048C3}.Debug|Any CPU.Build.0 = Debug|Any CPU
		{F3EF1171-508C-4963-8F0B-90AC3A7048C3}.Release|Any CPU.ActiveCfg = Release|Any CPU
		{F3EF1171-508C-4963-8F0B-90AC3A7048C3}.Release|Any CPU.Build.0 = Release|Any CPU
		{046B867B-A29F-4B22-9AF6-9840E0793CB1}.Debug|Any CPU.ActiveCfg = Debug|Any CPU
		{046B867B-A29F-4B22-9AF6-9840E0793CB1}.Debug|Any CPU.Build.0 = Debug|Any CPU
		{046B867B-A29F-4B22-9AF6-9840E0793CB1}.Release|Any CPU.ActiveCfg = Release|Any CPU
		{046B867B-A29F-4B22-9AF6-9840E0793CB1}.Release|Any CPU.Build.0 = Release|Any CPU
		{6346B3E0-37C6-4B51-908B-E99CB4D82B68}.Debug|Any CPU.ActiveCfg = Debug|Any CPU
		{6346B3E0-37C6-4B51-908B-E99CB4D82B68}.Debug|Any CPU.Build.0 = Debug|Any CPU
		{6346B3E0-37C6-4B51-908B-E99CB4D82B68}.Release|Any CPU.ActiveCfg = Release|Any CPU
		{6346B3E0-37C6-4B51-908B-E99CB4D82B68}.Release|Any CPU.Build.0 = Release|Any CPU
		{8281493F-D7BC-4157-8F51-D7534BB3715A}.Debug|Any CPU.ActiveCfg = Debug|Any CPU
		{8281493F-D7BC-4157-8F51-D7534BB3715A}.Debug|Any CPU.Build.0 = Debug|Any CPU
		{8281493F-D7BC-4157-8F51-D7534BB3715A}.Release|Any CPU.ActiveCfg = Release|Any CPU
		{8281493F-D7BC-4157-8F51-D7534BB3715A}.Release|Any CPU.Build.0 = Release|Any CPU
		{4DDACF8D-9F29-4633-A0E9-5A99F3EEA121}.Debug|Any CPU.ActiveCfg = Debug|Any CPU
		{4DDACF8D-9F29-4633-A0E9-5A99F3EEA121}.Debug|Any CPU.Build.0 = Debug|Any CPU
		{4DDACF8D-9F29-4633-A0E9-5A99F3EEA121}.Release|Any CPU.ActiveCfg = Release|Any CPU
		{4DDACF8D-9F29-4633-A0E9-5A99F3EEA121}.Release|Any CPU.Build.0 = Release|Any CPU
	EndGlobalSection
	GlobalSection(SolutionProperties) = preSolution
		HideSolutionNode = FALSE
	EndGlobalSection
	GlobalSection(NestedProjects) = preSolution
		{6346B3E0-37C6-4B51-908B-E99CB4D82B68} = {B4D2F215-83F8-4647-971F-8763FDFFB696}
		{8281493F-D7BC-4157-8F51-D7534BB3715A} = {B4D2F215-83F8-4647-971F-8763FDFFB696}
		{4DDACF8D-9F29-4633-A0E9-5A99F3EEA121} = {B4D2F215-83F8-4647-971F-8763FDFFB696}
	EndGlobalSection
	GlobalSection(ExtensibilityGlobals) = postSolution
		SolutionGuid = {26B0E02D-FE8A-4872-BB4D-EBD55508FE7D}
	EndGlobalSection
EndGlobal
